
Microsoft Visual Studio Solution File, Format Version 12.00
# Visual Studio Version 16
VisualStudioVersion = 16.0.32901.82
MinimumVisualStudioVersion = 10.0.40219.1
Project("{FAE04EC0-301F-11D3-BF4B-00C04F79EFBC}") = "WpfCSCS", "WpfCSCS.csproj", "{4408FFC3-E42E-426D-A8D8-4695781B8FFC}"
EndProject
Project("{FAE04EC0-301F-11D3-BF4B-00C04F79EFBC}") = "WpfControlsLibrary", "WpfControlsLibrary\WpfControlsLibrary.csproj", "{D44F63AF-00F9-4085-8BC0-B7FEB8EAA9EE}"
EndProject
Project("{FAE04EC0-301F-11D3-BF4B-00C04F79EFBC}") = "CSCS.Math", "Modules\CSCS.Math\CSCS.Math.csproj", "{9AC7CB43-B163-4BE5-9FA6-4AECC1F20598}"
EndProject
Project("{FAE04EC0-301F-11D3-BF4B-00C04F79EFBC}") = "CSCS.SQLClient", "Modules\CSCS.SQLClient\CSCS.SQLClient.csproj", "{072CC3F1-FE31-459C-9099-3C8D1D66A15E}"
EndProject
Project("{FAE04EC0-301F-11D3-BF4B-00C04F79EFBC}") = "CSCS.Tests", "Modules\CSCS.Tests\CSCS.Tests.csproj", "{6BA6B609-79AA-46DC-A9A5-1303CC8E2DF6}"
EndProject
Global
	GlobalSection(SolutionConfigurationPlatforms) = preSolution
		Debug|Any CPU = Debug|Any CPU
		Release|Any CPU = Release|Any CPU
	EndGlobalSection
	GlobalSection(ProjectConfigurationPlatforms) = postSolution
		{4408FFC3-E42E-426D-A8D8-4695781B8FFC}.Debug|Any CPU.ActiveCfg = Debug|Any CPU
		{4408FFC3-E42E-426D-A8D8-4695781B8FFC}.Debug|Any CPU.Build.0 = Debug|Any CPU
		{4408FFC3-E42E-426D-A8D8-4695781B8FFC}.Release|Any CPU.ActiveCfg = Release|Any CPU
		{4408FFC3-E42E-426D-A8D8-4695781B8FFC}.Release|Any CPU.Build.0 = Release|Any CPU
		{D44F63AF-00F9-4085-8BC0-B7FEB8EAA9EE}.Debug|Any CPU.ActiveCfg = Debug|Any CPU
		{D44F63AF-00F9-4085-8BC0-B7FEB8EAA9EE}.Debug|Any CPU.Build.0 = Debug|Any CPU
		{D44F63AF-00F9-4085-8BC0-B7FEB8EAA9EE}.Release|Any CPU.ActiveCfg = Release|Any CPU
		{D44F63AF-00F9-4085-8BC0-B7FEB8EAA9EE}.Release|Any CPU.Build.0 = Release|Any CPU
		{9AC7CB43-B163-4BE5-9FA6-4AECC1F20598}.Debug|Any CPU.ActiveCfg = Debug|Any CPU
		{9AC7CB43-B163-4BE5-9FA6-4AECC1F20598}.Debug|Any CPU.Build.0 = Debug|Any CPU
		{9AC7CB43-B163-4BE5-9FA6-4AECC1F20598}.Release|Any CPU.ActiveCfg = Release|Any CPU
		{9AC7CB43-B163-4BE5-9FA6-4AECC1F20598}.Release|Any CPU.Build.0 = Release|Any CPU
		{072CC3F1-FE31-459C-9099-3C8D1D66A15E}.Debug|Any CPU.ActiveCfg = Debug|Any CPU
		{072CC3F1-FE31-459C-9099-3C8D1D66A15E}.Debug|Any CPU.Build.0 = Debug|Any CPU
		{072CC3F1-FE31-459C-9099-3C8D1D66A15E}.Release|Any CPU.ActiveCfg = Release|Any CPU
		{072CC3F1-FE31-459C-9099-3C8D1D66A15E}.Release|Any CPU.Build.0 = Release|Any CPU
		{6BA6B609-79AA-46DC-A9A5-1303CC8E2DF6}.Debug|Any CPU.ActiveCfg = Debug|Any CPU
		{6BA6B609-79AA-46DC-A9A5-1303CC8E2DF6}.Debug|Any CPU.Build.0 = Debug|Any CPU
		{6BA6B609-79AA-46DC-A9A5-1303CC8E2DF6}.Release|Any CPU.ActiveCfg = Release|Any CPU
		{6BA6B609-79AA-46DC-A9A5-1303CC8E2DF6}.Release|Any CPU.Build.0 = Release|Any CPU
	EndGlobalSection
	GlobalSection(SolutionProperties) = preSolution
		HideSolutionNode = FALSE
	EndGlobalSection
	GlobalSection(ExtensibilityGlobals) = postSolution
		SolutionGuid = {5F180A51-E2F7-4189-8C46-B84C8E5D9FC2}
	EndGlobalSection
EndGlobal
