
Microsoft Visual Studio Solution File, Format Version 12.00
# Visual Studio Version 17
VisualStudioVersion = 17.2.32616.157
MinimumVisualStudioVersion = 10.0.40219.1
Project("{FAE04EC0-301F-11D3-BF4B-00C04F79EFBC}") = "WpfCSCS", "WpfCSCS.csproj", "{4408FFC3-E42E-426D-A8D8-4695781B8FFC}"
EndProject
Project("{FAE04EC0-301F-11D3-BF4B-00C04F79EFBC}") = "WpfControlsLibrary", "WpfControlsLibrary\WpfControlsLibrary.csproj", "{D44F63AF-00F9-4085-8BC0-B7FEB8EAA9EE}"
EndProject
Project("{9A19103F-16F7-4668-BE54-9A1E7A4F7556}") = "CSCS.SqlClient", "Modules\CSCS.SqlClient\CSCS.SqlClient.csproj", "{9EF56BDD-926B-462A-B460-1DBA619190E8}"
EndProject
Project("{FAE04EC0-301F-11D3-BF4B-00C04F79EFBC}") = "CSCS.Math", "Modules\CSCS.Math\CSCS.Math.csproj", "{5569BD22-A205-492C-A1D9-643F21D0947F}"
EndProject
Global
	GlobalSection(SolutionConfigurationPlatforms) = preSolution
		Debug|Any CPU = Debug|Any CPU
		Release|Any CPU = Release|Any CPU
	EndGlobalSection
	GlobalSection(ProjectConfigurationPlatforms) = postSolution
		{4408FFC3-E42E-426D-A8D8-4695781B8FFC}.Debug|Any CPU.ActiveCfg = Debug|Any CPU
		{4408FFC3-E42E-426D-A8D8-4695781B8FFC}.Debug|Any CPU.Build.0 = Debug|Any CPU
		{4408FFC3-E42E-426D-A8D8-4695781B8FFC}.Release|Any CPU.ActiveCfg = Release|Any CPU
		{4408FFC3-E42E-426D-A8D8-4695781B8FFC}.Release|Any CPU.Build.0 = Release|Any CPU
		{D44F63AF-00F9-4085-8BC0-B7FEB8EAA9EE}.Debug|Any CPU.ActiveCfg = Debug|Any CPU
		{D44F63AF-00F9-4085-8BC0-B7FEB8EAA9EE}.Debug|Any CPU.Build.0 = Debug|Any CPU
		{D44F63AF-00F9-4085-8BC0-B7FEB8EAA9EE}.Release|Any CPU.ActiveCfg = Release|Any CPU
		{D44F63AF-00F9-4085-8BC0-B7FEB8EAA9EE}.Release|Any CPU.Build.0 = Release|Any CPU
		{9EF56BDD-926B-462A-B460-1DBA619190E8}.Debug|Any CPU.ActiveCfg = Debug|Any CPU
		{9EF56BDD-926B-462A-B460-1DBA619190E8}.Debug|Any CPU.Build.0 = Debug|Any CPU
		{9EF56BDD-926B-462A-B460-1DBA619190E8}.Release|Any CPU.ActiveCfg = Release|Any CPU
		{9EF56BDD-926B-462A-B460-1DBA619190E8}.Release|Any CPU.Build.0 = Release|Any CPU
		{5569BD22-A205-492C-A1D9-643F21D0947F}.Debug|Any CPU.ActiveCfg = Debug|Any CPU
		{5569BD22-A205-492C-A1D9-643F21D0947F}.Debug|Any CPU.Build.0 = Debug|Any CPU
		{5569BD22-A205-492C-A1D9-643F21D0947F}.Release|Any CPU.ActiveCfg = Release|Any CPU
		{5569BD22-A205-492C-A1D9-643F21D0947F}.Release|Any CPU.Build.0 = Release|Any CPU
	EndGlobalSection
	GlobalSection(SolutionProperties) = preSolution
		HideSolutionNode = FALSE
	EndGlobalSection
	GlobalSection(ExtensibilityGlobals) = postSolution
		SolutionGuid = {5F180A51-E2F7-4189-8C46-B84C8E5D9FC2}
	EndGlobalSection
EndGlobal
